<?xml version="1.0" encoding="utf-8"?>
<Project ToolsVersion="4.0" xmlns="http://schemas.microsoft.com/developer/msbuild/2003">
  <ItemGroup>
    <Filter Include="Source Files">
      <UniqueIdentifier>{4FC737F1-C7A5-4376-A066-2A32D752A2FF}</UniqueIdentifier>
      <Extensions>cpp;c;cc;cxx;def;odl;idl;hpj;bat;asm;asmx</Extensions>
    </Filter>
    <Filter Include="Header Files">
      <UniqueIdentifier>{93995380-89BD-4b04-88EB-625FBE52EBFB}</UniqueIdentifier>
      <Extensions>h;hh;hpp;hxx;hm;inl;inc;xsd</Extensions>
    </Filter>
    <Filter Include="Resource Files">
      <UniqueIdentifier>{67DA6AB6-F800-4c08-8B7A-83BB121AAD01}</UniqueIdentifier>
      <Extensions>rc;ico;cur;bmp;dlg;rc2;rct;bin;rgs;gif;jpg;jpeg;jpe;resx;tiff;tif;png;wav;mfcribbon-ms</Extensions>
    </Filter>
  </ItemGroup>
  <ItemGroup>
    <Text Include="ReadMe.txt" />
  </ItemGroup>
  <ItemGroup>
    <ClInclude Include="Graph.h">
      <Filter>Header Files</Filter>
    </ClInclude>
    <ClInclude Include="stdafx.h">
      <Filter>Header Files</Filter>
    </ClInclude>
    <ClInclude Include="targetver.h">
      <Filter>Header Files</Filter>
    </ClInclude>
    <ClInclude Include="MainFrm.h">
      <Filter>Header Files</Filter>
    </ClInclude>
    <ClInclude Include="GraphDoc.h">
      <Filter>Header Files</Filter>
    </ClInclude>
    <ClInclude Include="GraphView.h">
      <Filter>Header Files</Filter>
    </ClInclude>
    <ClInclude Include="Resource.h">
      <Filter>Header Files</Filter>
    </ClInclude>
    <ClInclude Include="CGraph.h">
      <Filter>Header Files</Filter>
    </ClInclude>
    <ClInclude Include="AxisDlg.h">
      <Filter>Header Files</Filter>
    </ClInclude>
    <ClInclude Include="WndSizeDlg.h">
      <Filter>Header Files</Filter>
    </ClInclude>
    <ClInclude Include="DXSurfaceMgr.h">
      <Filter>Header Files</Filter>
    </ClInclude>
    <ClInclude Include="GraphDlg.h">
      <Filter>Header Files</Filter>
    </ClInclude>
    <ClInclude Include="SizeDlg.h">
      <Filter>Header Files</Filter>
    </ClInclude>
    <ClInclude Include="tinyexpr.h">
      <Filter>Header Files</Filter>
    </ClInclude>
    <ClInclude Include="TransformDlg.h">
      <Filter>Header Files</Filter>
    </ClInclude>
    <ClInclude Include="AddFuncDlg.h">
      <Filter>Header Files</Filter>
    </ClInclude>
    <ClInclude Include="AppDlg.h">
      <Filter>Header Files</Filter>
    </ClInclude>
    <ClInclude Include="corona.h">
      <Filter>Header Files</Filter>
    </ClInclude>
    <ClInclude Include="CItoGDlg.h">
      <Filter>Header Files</Filter>
    </ClInclude>
    <ClInclude Include="CPolyAppDlg.h">
      <Filter>Header Files</Filter>
    </ClInclude>
    <ClInclude Include="CSettingsDlg.h">
      <Filter>Header Files</Filter>
    </ClInclude>
    <ClInclude Include="CCombineDlg.h">
      <Filter>Header Files</Filter>
    </ClInclude>
    <ClInclude Include="CSplitDlg.h">
      <Filter>Header Files</Filter>
    </ClInclude>
    <ClInclude Include="CRemovePointsDlg.h">
      <Filter>Header Files</Filter>
    </ClInclude>
    <ClInclude Include="CCropDlg.h">
      <Filter>Header Files</Filter>
    </ClInclude>
    <ClInclude Include="CShapeCorrDlg.h">
      <Filter>Header Files</Filter>
    </ClInclude>
    <ClInclude Include="CBGPolyDlg.h">
      <Filter>Header Files</Filter>
    </ClInclude>
    <ClInclude Include="CAveParamDlg.h">
      <Filter>Header Files</Filter>
    </ClInclude>
    <ClInclude Include="CSplineDlg.h">
      <Filter>Header Files</Filter>
    </ClInclude>
    <ClInclude Include="CMergeDlg.h">
      <Filter>Header Files</Filter>
    </ClInclude>
    <ClInclude Include="CBatchAnalyzeDlg.h">
      <Filter>Header Files</Filter>
    </ClInclude>
    <ClInclude Include="CAnalyzePolynomDlg.h">
      <Filter>Header Files</Filter>
    </ClInclude>
    <ClInclude Include="CBatchTransformDlg.h">
      <Filter>Header Files</Filter>
    </ClInclude>
    <ClInclude Include="CreEPS.hpp">
      <Filter>Header Files</Filter>
    </ClInclude>
    <ClInclude Include="CreEPS_Types.hpp">
      <Filter>Header Files</Filter>
    </ClInclude>
    <ClInclude Include="CTextDlg.h">
      <Filter>Header Files</Filter>
    </ClInclude>
    <ClInclude Include="VoightDlg.h">
      <Filter>Header Files</Filter>
    </ClInclude>
    <ClInclude Include="CAppColDlg.h">
      <Filter>Header Files</Filter>
    </ClInclude>
    <ClInclude Include="CSetColDlg.h">
      <Filter>Header Files</Filter>
    </ClInclude>
    <ClInclude Include="CVoightNDlg.h">
      <Filter>Header Files</Filter>
    </ClInclude>
    <ClInclude Include="CSetVoightDlg.h">
      <Filter>Header Files</Filter>
    </ClInclude>
    <ClInclude Include="CAnalyzeInt.h">
      <Filter>Header Files</Filter>
    </ClInclude>
    <ClInclude Include="CReclorDlg.h">
      <Filter>Header Files</Filter>
    </ClInclude>
    <ClInclude Include="CPaetteDlg.h">
      <Filter>Header Files</Filter>
    </ClInclude>
    <ClInclude Include="CTL_app.h">
      <Filter>Header Files</Filter>
    </ClInclude>
    <ClInclude Include="StepCCDlg.h">
      <Filter>Header Files</Filter>
    </ClInclude>
  </ItemGroup>
  <ItemGroup>
    <ClCompile Include="Graph.cpp">
      <Filter>Source Files</Filter>
    </ClCompile>
    <ClCompile Include="stdafx.cpp">
      <Filter>Source Files</Filter>
    </ClCompile>
    <ClCompile Include="MainFrm.cpp">
      <Filter>Source Files</Filter>
    </ClCompile>
    <ClCompile Include="GraphDoc.cpp">
      <Filter>Source Files</Filter>
    </ClCompile>
    <ClCompile Include="GraphView.cpp">
      <Filter>Source Files</Filter>
    </ClCompile>
    <ClCompile Include="AxisDlg.cpp">
      <Filter>Source Files</Filter>
    </ClCompile>
    <ClCompile Include="WndSizeDlg.cpp">
      <Filter>Source Files</Filter>
    </ClCompile>
    <ClCompile Include="GraphDlg.cpp">
      <Filter>Source Files</Filter>
    </ClCompile>
    <ClCompile Include="SizeDlg.cpp">
      <Filter>Source Files</Filter>
    </ClCompile>
    <ClCompile Include="tinyexpr.cpp">
      <Filter>Header Files</Filter>
    </ClCompile>
    <ClCompile Include="TransformDlg.cpp">
      <Filter>Source Files</Filter>
    </ClCompile>
    <ClCompile Include="AddFuncDlg.cpp">
      <Filter>Source Files</Filter>
    </ClCompile>
    <ClCompile Include="AppDlg.cpp">
      <Filter>Source Files</Filter>
    </ClCompile>
    <ClCompile Include="CItoGDlg.cpp">
      <Filter>Source Files</Filter>
    </ClCompile>
    <ClCompile Include="CPolyAppDlg.cpp">
      <Filter>Source Files</Filter>
    </ClCompile>
    <ClCompile Include="CSettingsDlg.cpp">
      <Filter>Source Files</Filter>
    </ClCompile>
    <ClCompile Include="CCombineDlg.cpp">
      <Filter>Source Files</Filter>
    </ClCompile>
    <ClCompile Include="CSplitDlg.cpp">
      <Filter>Source Files</Filter>
    </ClCompile>
    <ClCompile Include="CRemovePointsDlg.cpp">
      <Filter>Source Files</Filter>
    </ClCompile>
    <ClCompile Include="CCropDlg.cpp">
      <Filter>Source Files</Filter>
    </ClCompile>
    <ClCompile Include="CShapeCorrDlg.cpp">
      <Filter>Source Files</Filter>
    </ClCompile>
    <ClCompile Include="CBGPolyDlg.cpp">
      <Filter>Source Files</Filter>
    </ClCompile>
    <ClCompile Include="CAveParamDlg.cpp">
      <Filter>Source Files</Filter>
    </ClCompile>
    <ClCompile Include="CSplineDlg.cpp">
      <Filter>Source Files</Filter>
    </ClCompile>
    <ClCompile Include="CMergeDlg.cpp">
      <Filter>Source Files</Filter>
    </ClCompile>
    <ClCompile Include="CBatchAnalyzeDlg.cpp">
      <Filter>Source Files</Filter>
    </ClCompile>
    <ClCompile Include="CAnalyzePolynomDlg.cpp">
      <Filter>Source Files</Filter>
    </ClCompile>
    <ClCompile Include="CBatchTransformDlg.cpp">
      <Filter>Source Files</Filter>
    </ClCompile>
    <ClCompile Include="CreEPS.cpp">
      <Filter>Source Files</Filter>
    </ClCompile>
    <ClCompile Include="CTextDlg.cpp">
      <Filter>Source Files</Filter>
    </ClCompile>
    <ClCompile Include="VoightDlg.cpp">
      <Filter>Source Files</Filter>
    </ClCompile>
    <ClCompile Include="CAppColDlg.cpp">
      <Filter>Source Files</Filter>
    </ClCompile>
    <ClCompile Include="CSetColDlg.cpp">
      <Filter>Source Files</Filter>
    </ClCompile>
    <ClCompile Include="CVoightNDlg.cpp">
      <Filter>Source Files</Filter>
    </ClCompile>
    <ClCompile Include="CSetVoightDlg.cpp">
      <Filter>Source Files</Filter>
    </ClCompile>
    <ClCompile Include="CAnalyzeInt.cpp">
      <Filter>Source Files</Filter>
    </ClCompile>
    <ClCompile Include="CReclorDlg.cpp">
      <Filter>Source Files</Filter>
    </ClCompile>
    <ClCompile Include="CPaetteDlg.cpp">
      <Filter>Source Files</Filter>
    </ClCompile>
    <ClCompile Include="CTL_app.cpp">
      <Filter>Source Files</Filter>
    </ClCompile>
    <ClCompile Include="StepCCDlg.cpp">
      <Filter>Source Files</Filter>
    </ClCompile>
  </ItemGroup>
  <ItemGroup>
    <ResourceCompile Include="Graph.rc">
      <Filter>Resource Files</Filter>
    </ResourceCompile>
  </ItemGroup>
  <ItemGroup>
    <None Include="res\Graph.rc2">
      <Filter>Resource Files</Filter>
    </None>
  </ItemGroup>
  <ItemGroup>
    <Image Include="res\GraphDoc.ico">
      <Filter>Resource Files</Filter>
    </Image>
    <Image Include="res\Graph.ico">
      <Filter>Resource Files</Filter>
    </Image>
    <Image Include="res\Toolbar.bmp">
      <Filter>Resource Files</Filter>
    </Image>
    <Image Include="res\bitmap1.bmp">
      <Filter>Resource Files</Filter>
    </Image>
    <Image Include="res\palette1.bmp">
      <Filter>Resource Files</Filter>
    </Image>
  </ItemGroup>
  <ItemGroup>
    <Library Include="corona.lib" />
  </ItemGroup>
</Project>